// !$*UTF8*$!
{
	archiveVersion = 1;
	classes = {
	};
	objectVersion = 55;
	objects = {

/* Begin PBXBuildFile section */
		9A6A85C6284A6C900061D857 /* AppDelegate.swift in Sources */ = {isa = PBXBuildFile; fileRef = 9A6A85C5284A6C900061D857 /* AppDelegate.swift */; };
		9A6A85C8284A6C900061D857 /* SceneDelegate.swift in Sources */ = {isa = PBXBuildFile; fileRef = 9A6A85C7284A6C900061D857 /* SceneDelegate.swift */; };
		9A6A85CD284A6C900061D857 /* Main.storyboard in Resources */ = {isa = PBXBuildFile; fileRef = 9A6A85CB284A6C900061D857 /* Main.storyboard */; };
		9A6A85CF284A6C930061D857 /* Images.xcassets in Resources */ = {isa = PBXBuildFile; fileRef = 9A6A85CE284A6C930061D857 /* Images.xcassets */; };
		9A6A85D2284A6C930061D857 /* LaunchScreen.storyboard in Resources */ = {isa = PBXBuildFile; fileRef = 9A6A85D0284A6C930061D857 /* LaunchScreen.storyboard */; };
		9A6A85FB284A70270061D857 /* Colors.xcassets in Resources */ = {isa = PBXBuildFile; fileRef = 9A6A85FA284A70270061D857 /* Colors.xcassets */; };
		9A6A85FF284A726C0061D857 /* Alamofire in Frameworks */ = {isa = PBXBuildFile; productRef = 9A6A85FE284A726C0061D857 /* Alamofire */; };
		9A6A8602284A72A20061D857 /* DataRequest+.swift in Sources */ = {isa = PBXBuildFile; fileRef = 9A6A8601284A72A20061D857 /* DataRequest+.swift */; };
		9A6A8604284A72CE0061D857 /* URLRequest+.swift in Sources */ = {isa = PBXBuildFile; fileRef = 9A6A8603284A72CE0061D857 /* URLRequest+.swift */; };
		9A6A8608284A73300061D857 /* RequestableProtocol.swift in Sources */ = {isa = PBXBuildFile; fileRef = 9A6A8607284A73300061D857 /* RequestableProtocol.swift */; };
		9A6A860B284A73680061D857 /* APIError.swift in Sources */ = {isa = PBXBuildFile; fileRef = 9A6A860A284A73680061D857 /* APIError.swift */; };
		9A6A860F284A73DE0061D857 /* Requestable.swift in Sources */ = {isa = PBXBuildFile; fileRef = 9A6A860E284A73DE0061D857 /* Requestable.swift */; };
		9A6A8612284A74460061D857 /* iTunesConstants.swift in Sources */ = {isa = PBXBuildFile; fileRef = 9A6A8611284A74460061D857 /* iTunesConstants.swift */; };
		9A6A8614284A74C00061D857 /* SearchRequestable.swift in Sources */ = {isa = PBXBuildFile; fileRef = 9A6A8613284A74C00061D857 /* SearchRequestable.swift */; };
		9A6A8617284A762D0061D857 /* Requester.swift in Sources */ = {isa = PBXBuildFile; fileRef = 9A6A8616284A762D0061D857 /* Requester.swift */; };
		9A6A8619284A767C0061D857 /* APIRequester.swift in Sources */ = {isa = PBXBuildFile; fileRef = 9A6A8618284A767C0061D857 /* APIRequester.swift */; };
		9A6A861C284A783F0061D857 /* BaseResponse.swift in Sources */ = {isa = PBXBuildFile; fileRef = 9A6A861B284A783F0061D857 /* BaseResponse.swift */; };
		9A6A8625284AB3DB0061D857 /* SearchPresenter.swift in Sources */ = {isa = PBXBuildFile; fileRef = 9A6A861F284AB3DB0061D857 /* SearchPresenter.swift */; };
		9A6A8626284AB3DB0061D857 /* SearchWorker.swift in Sources */ = {isa = PBXBuildFile; fileRef = 9A6A8620284AB3DB0061D857 /* SearchWorker.swift */; };
		9A6A8627284AB3DB0061D857 /* SearchRouter.swift in Sources */ = {isa = PBXBuildFile; fileRef = 9A6A8621284AB3DB0061D857 /* SearchRouter.swift */; };
		9A6A8628284AB3DB0061D857 /* SearchModels.swift in Sources */ = {isa = PBXBuildFile; fileRef = 9A6A8622284AB3DB0061D857 /* SearchModels.swift */; };
		9A6A8629284AB3DB0061D857 /* SearchViewController.swift in Sources */ = {isa = PBXBuildFile; fileRef = 9A6A8623284AB3DB0061D857 /* SearchViewController.swift */; };
		9A6A862A284AB3DB0061D857 /* SearchInteractor.swift in Sources */ = {isa = PBXBuildFile; fileRef = 9A6A8624284AB3DB0061D857 /* SearchInteractor.swift */; };
		9A6A8631284AB5D30061D857 /* SearchCollectionViewCell.swift in Sources */ = {isa = PBXBuildFile; fileRef = 9A6A862F284AB5D30061D857 /* SearchCollectionViewCell.swift */; };
		9A6A8632284AB5D30061D857 /* SearchCollectionViewCell.xib in Resources */ = {isa = PBXBuildFile; fileRef = 9A6A8630284AB5D30061D857 /* SearchCollectionViewCell.xib */; };
		9A6A8636284AB6340061D857 /* FlowLayout.swift in Sources */ = {isa = PBXBuildFile; fileRef = 9A6A8635284AB6340061D857 /* FlowLayout.swift */; };
		9A6A8638284AB7200061D857 /* Reusable.swift in Sources */ = {isa = PBXBuildFile; fileRef = 9A6A8637284AB7200061D857 /* Reusable.swift */; };
		9A6A863A284AB7540061D857 /* UIView+.swift in Sources */ = {isa = PBXBuildFile; fileRef = 9A6A8639284AB7540061D857 /* UIView+.swift */; };
		9A6A863C284AB78B0061D857 /* UIViewController+.swift in Sources */ = {isa = PBXBuildFile; fileRef = 9A6A863B284AB78B0061D857 /* UIViewController+.swift */; };
		9A6A863E284AB7A80061D857 /* TypeAliases.swift in Sources */ = {isa = PBXBuildFile; fileRef = 9A6A863D284AB7A80061D857 /* TypeAliases.swift */; };
		9A6A8640284AB7ED0061D857 /* UICollectionView+.swift in Sources */ = {isa = PBXBuildFile; fileRef = 9A6A863F284AB7ED0061D857 /* UICollectionView+.swift */; };
		9A6A8642284AB8790061D857 /* AppDependencies.swift in Sources */ = {isa = PBXBuildFile; fileRef = 9A6A8641284AB8790061D857 /* AppDependencies.swift */; };
		9A6A8644284AB93B0061D857 /* SearchViewController.xib in Resources */ = {isa = PBXBuildFile; fileRef = 9A6A8643284AB93B0061D857 /* SearchViewController.xib */; };
		9A6A8647284ABBCB0061D857 /* SearchEntity.swift in Sources */ = {isa = PBXBuildFile; fileRef = 9A6A8646284ABBCB0061D857 /* SearchEntity.swift */; };
		9A6A864B284ABE470061D857 /* WrapperType.swift in Sources */ = {isa = PBXBuildFile; fileRef = 9A6A864A284ABE470061D857 /* WrapperType.swift */; };
		9A6A864D284B67CC0061D857 /* ViewModelType.swift in Sources */ = {isa = PBXBuildFile; fileRef = 9A6A864C284B67CC0061D857 /* ViewModelType.swift */; };
		9A6A864F284B68600061D857 /* String+.swift in Sources */ = {isa = PBXBuildFile; fileRef = 9A6A864E284B68600061D857 /* String+.swift */; };
		9A6A8651284B689F0061D857 /* Numeric+.swift in Sources */ = {isa = PBXBuildFile; fileRef = 9A6A8650284B689F0061D857 /* Numeric+.swift */; };
		9A6A8654284B69190061D857 /* Kingfisher in Frameworks */ = {isa = PBXBuildFile; productRef = 9A6A8653284B69190061D857 /* Kingfisher */; };
		9A7479A0284B8960007A7AE3 /* DetailPresenter.swift in Sources */ = {isa = PBXBuildFile; fileRef = 9A74799A284B8960007A7AE3 /* DetailPresenter.swift */; };
		9A7479A1284B8960007A7AE3 /* DetailWorker.swift in Sources */ = {isa = PBXBuildFile; fileRef = 9A74799B284B8960007A7AE3 /* DetailWorker.swift */; };
		9A7479A2284B8960007A7AE3 /* DetailRouter.swift in Sources */ = {isa = PBXBuildFile; fileRef = 9A74799C284B8960007A7AE3 /* DetailRouter.swift */; };
		9A7479A3284B8960007A7AE3 /* DetailModels.swift in Sources */ = {isa = PBXBuildFile; fileRef = 9A74799D284B8960007A7AE3 /* DetailModels.swift */; };
		9A7479A4284B8960007A7AE3 /* DetailViewController.swift in Sources */ = {isa = PBXBuildFile; fileRef = 9A74799E284B8960007A7AE3 /* DetailViewController.swift */; };
		9A7479A5284B8960007A7AE3 /* DetailInteractor.swift in Sources */ = {isa = PBXBuildFile; fileRef = 9A74799F284B8960007A7AE3 /* DetailInteractor.swift */; };
		9A7479A7284B89CB007A7AE3 /* DetailViewController.xib in Resources */ = {isa = PBXBuildFile; fileRef = 9A7479A6284B89CB007A7AE3 /* DetailViewController.xib */; };
		9A7479AA284CB303007A7AE3 /* SearchValidator.swift in Sources */ = {isa = PBXBuildFile; fileRef = 9A7479A9284CB303007A7AE3 /* SearchValidator.swift */; };
		9A7479AD284CB3E2007A7AE3 /* SearchTests.swift in Sources */ = {isa = PBXBuildFile; fileRef = 9A7479AC284CB3E2007A7AE3 /* SearchTests.swift */; };
		9A7479B0284CB45B007A7AE3 /* MockRequestable.swift in Sources */ = {isa = PBXBuildFile; fileRef = 9A7479AF284CB45B007A7AE3 /* MockRequestable.swift */; };
		9A7479B2284CB486007A7AE3 /* MockSearchRequestable.swift in Sources */ = {isa = PBXBuildFile; fileRef = 9A7479B1284CB486007A7AE3 /* MockSearchRequestable.swift */; };
		9A7479B5284CB585007A7AE3 /* MockSearchData.json in Resources */ = {isa = PBXBuildFile; fileRef = 9A7479B4284CB585007A7AE3 /* MockSearchData.json */; };
		9A7479B8284CB6B9007A7AE3 /* MockSearchInteractor.swift in Sources */ = {isa = PBXBuildFile; fileRef = 9A7479B7284CB6B9007A7AE3 /* MockSearchInteractor.swift */; };
		9A7479BA284CB6CC007A7AE3 /* MockSearchPresenter.swift in Sources */ = {isa = PBXBuildFile; fileRef = 9A7479B9284CB6CC007A7AE3 /* MockSearchPresenter.swift */; };
		9A7479BC284CB6E4007A7AE3 /* MockSearchView.swift in Sources */ = {isa = PBXBuildFile; fileRef = 9A7479BB284CB6E4007A7AE3 /* MockSearchView.swift */; };
		9A7479BE284CB6FB007A7AE3 /* MockSearchConfigurator.swift in Sources */ = {isa = PBXBuildFile; fileRef = 9A7479BD284CB6FB007A7AE3 /* MockSearchConfigurator.swift */; };
		9A7479C2284CB731007A7AE3 /* MockSearchRouter.swift in Sources */ = {isa = PBXBuildFile; fileRef = 9A7479C1284CB731007A7AE3 /* MockSearchRouter.swift */; };
		9A7479C4284CB74A007A7AE3 /* MockSearchWorker.swift in Sources */ = {isa = PBXBuildFile; fileRef = 9A7479C3284CB74A007A7AE3 /* MockSearchWorker.swift */; };
		9A7479C7284CBEAA007A7AE3 /* MockAPIRequester.swift in Sources */ = {isa = PBXBuildFile; fileRef = 9A7479C6284CBEAA007A7AE3 /* MockAPIRequester.swift */; };
		9A909ECB284B73800000729A /* IndicatorView.swift in Sources */ = {isa = PBXBuildFile; fileRef = 9A909ECA284B73800000729A /* IndicatorView.swift */; };
/* End PBXBuildFile section */

/* Begin PBXContainerItemProxy section */
		9A6A85D9284A6C930061D857 /* PBXContainerItemProxy */ = {
			isa = PBXContainerItemProxy;
			containerPortal = 9A6A85BA284A6C900061D857 /* Project object */;
			proxyType = 1;
			remoteGlobalIDString = 9A6A85C1284A6C900061D857;
			remoteInfo = iTunesSearch;
		};
		9A6A85E3284A6C930061D857 /* PBXContainerItemProxy */ = {
			isa = PBXContainerItemProxy;
			containerPortal = 9A6A85BA284A6C900061D857 /* Project object */;
			proxyType = 1;
			remoteGlobalIDString = 9A6A85C1284A6C900061D857;
			remoteInfo = iTunesSearch;
		};
/* End PBXContainerItemProxy section */

/* Begin PBXFileReference section */
		9A6A85C2284A6C900061D857 /* iTunesSearch.app */ = {isa = PBXFileReference; explicitFileType = wrapper.application; includeInIndex = 0; path = iTunesSearch.app; sourceTree = BUILT_PRODUCTS_DIR; };
		9A6A85C5284A6C900061D857 /* AppDelegate.swift */ = {isa = PBXFileReference; lastKnownFileType = sourcecode.swift; path = AppDelegate.swift; sourceTree = "<group>"; };
		9A6A85C7284A6C900061D857 /* SceneDelegate.swift */ = {isa = PBXFileReference; lastKnownFileType = sourcecode.swift; path = SceneDelegate.swift; sourceTree = "<group>"; };
		9A6A85CC284A6C900061D857 /* Base */ = {isa = PBXFileReference; lastKnownFileType = file.storyboard; name = Base; path = Base.lproj/Main.storyboard; sourceTree = "<group>"; };
		9A6A85CE284A6C930061D857 /* Images.xcassets */ = {isa = PBXFileReference; lastKnownFileType = folder.assetcatalog; path = Images.xcassets; sourceTree = "<group>"; };
		9A6A85D1284A6C930061D857 /* Base */ = {isa = PBXFileReference; lastKnownFileType = file.storyboard; name = Base; path = Base.lproj/LaunchScreen.storyboard; sourceTree = "<group>"; };
		9A6A85D3284A6C930061D857 /* Info.plist */ = {isa = PBXFileReference; lastKnownFileType = text.plist.xml; path = Info.plist; sourceTree = "<group>"; };
		9A6A85D8284A6C930061D857 /* iTunesSearchTests.xctest */ = {isa = PBXFileReference; explicitFileType = wrapper.cfbundle; includeInIndex = 0; path = iTunesSearchTests.xctest; sourceTree = BUILT_PRODUCTS_DIR; };
		9A6A85E2284A6C930061D857 /* iTunesSearchUITests.xctest */ = {isa = PBXFileReference; explicitFileType = wrapper.cfbundle; includeInIndex = 0; path = iTunesSearchUITests.xctest; sourceTree = BUILT_PRODUCTS_DIR; };
		9A6A85FA284A70270061D857 /* Colors.xcassets */ = {isa = PBXFileReference; lastKnownFileType = folder.assetcatalog; path = Colors.xcassets; sourceTree = "<group>"; };
		9A6A8601284A72A20061D857 /* DataRequest+.swift */ = {isa = PBXFileReference; lastKnownFileType = sourcecode.swift; path = "DataRequest+.swift"; sourceTree = "<group>"; };
		9A6A8603284A72CE0061D857 /* URLRequest+.swift */ = {isa = PBXFileReference; lastKnownFileType = sourcecode.swift; path = "URLRequest+.swift"; sourceTree = "<group>"; };
		9A6A8607284A73300061D857 /* RequestableProtocol.swift */ = {isa = PBXFileReference; lastKnownFileType = sourcecode.swift; path = RequestableProtocol.swift; sourceTree = "<group>"; };
		9A6A860A284A73680061D857 /* APIError.swift */ = {isa = PBXFileReference; lastKnownFileType = sourcecode.swift; path = APIError.swift; sourceTree = "<group>"; };
		9A6A860E284A73DE0061D857 /* Requestable.swift */ = {isa = PBXFileReference; lastKnownFileType = sourcecode.swift; path = Requestable.swift; sourceTree = "<group>"; };
		9A6A8611284A74460061D857 /* iTunesConstants.swift */ = {isa = PBXFileReference; lastKnownFileType = sourcecode.swift; path = iTunesConstants.swift; sourceTree = "<group>"; };
		9A6A8613284A74C00061D857 /* SearchRequestable.swift */ = {isa = PBXFileReference; lastKnownFileType = sourcecode.swift; path = SearchRequestable.swift; sourceTree = "<group>"; };
		9A6A8616284A762D0061D857 /* Requester.swift */ = {isa = PBXFileReference; lastKnownFileType = sourcecode.swift; path = Requester.swift; sourceTree = "<group>"; };
		9A6A8618284A767C0061D857 /* APIRequester.swift */ = {isa = PBXFileReference; lastKnownFileType = sourcecode.swift; path = APIRequester.swift; sourceTree = "<group>"; };
		9A6A861B284A783F0061D857 /* BaseResponse.swift */ = {isa = PBXFileReference; lastKnownFileType = sourcecode.swift; path = BaseResponse.swift; sourceTree = "<group>"; };
		9A6A861F284AB3DB0061D857 /* SearchPresenter.swift */ = {isa = PBXFileReference; lastKnownFileType = sourcecode.swift; path = SearchPresenter.swift; sourceTree = "<group>"; };
		9A6A8620284AB3DB0061D857 /* SearchWorker.swift */ = {isa = PBXFileReference; lastKnownFileType = sourcecode.swift; path = SearchWorker.swift; sourceTree = "<group>"; };
		9A6A8621284AB3DB0061D857 /* SearchRouter.swift */ = {isa = PBXFileReference; lastKnownFileType = sourcecode.swift; path = SearchRouter.swift; sourceTree = "<group>"; };
		9A6A8622284AB3DB0061D857 /* SearchModels.swift */ = {isa = PBXFileReference; lastKnownFileType = sourcecode.swift; path = SearchModels.swift; sourceTree = "<group>"; };
		9A6A8623284AB3DB0061D857 /* SearchViewController.swift */ = {isa = PBXFileReference; lastKnownFileType = sourcecode.swift; path = SearchViewController.swift; sourceTree = "<group>"; };
		9A6A8624284AB3DB0061D857 /* SearchInteractor.swift */ = {isa = PBXFileReference; lastKnownFileType = sourcecode.swift; path = SearchInteractor.swift; sourceTree = "<group>"; };
		9A6A862F284AB5D30061D857 /* SearchCollectionViewCell.swift */ = {isa = PBXFileReference; lastKnownFileType = sourcecode.swift; path = SearchCollectionViewCell.swift; sourceTree = "<group>"; };
		9A6A8630284AB5D30061D857 /* SearchCollectionViewCell.xib */ = {isa = PBXFileReference; lastKnownFileType = file.xib; path = SearchCollectionViewCell.xib; sourceTree = "<group>"; };
		9A6A8635284AB6340061D857 /* FlowLayout.swift */ = {isa = PBXFileReference; lastKnownFileType = sourcecode.swift; path = FlowLayout.swift; sourceTree = "<group>"; };
		9A6A8637284AB7200061D857 /* Reusable.swift */ = {isa = PBXFileReference; lastKnownFileType = sourcecode.swift; path = Reusable.swift; sourceTree = "<group>"; };
		9A6A8639284AB7540061D857 /* UIView+.swift */ = {isa = PBXFileReference; lastKnownFileType = sourcecode.swift; path = "UIView+.swift"; sourceTree = "<group>"; };
		9A6A863B284AB78B0061D857 /* UIViewController+.swift */ = {isa = PBXFileReference; lastKnownFileType = sourcecode.swift; path = "UIViewController+.swift"; sourceTree = "<group>"; };
		9A6A863D284AB7A80061D857 /* TypeAliases.swift */ = {isa = PBXFileReference; lastKnownFileType = sourcecode.swift; path = TypeAliases.swift; sourceTree = "<group>"; };
		9A6A863F284AB7ED0061D857 /* UICollectionView+.swift */ = {isa = PBXFileReference; lastKnownFileType = sourcecode.swift; path = "UICollectionView+.swift"; sourceTree = "<group>"; };
		9A6A8641284AB8790061D857 /* AppDependencies.swift */ = {isa = PBXFileReference; lastKnownFileType = sourcecode.swift; path = AppDependencies.swift; sourceTree = "<group>"; };
		9A6A8643284AB93B0061D857 /* SearchViewController.xib */ = {isa = PBXFileReference; lastKnownFileType = file.xib; path = SearchViewController.xib; sourceTree = "<group>"; };
		9A6A8646284ABBCB0061D857 /* SearchEntity.swift */ = {isa = PBXFileReference; lastKnownFileType = sourcecode.swift; path = SearchEntity.swift; sourceTree = "<group>"; };
		9A6A864A284ABE470061D857 /* WrapperType.swift */ = {isa = PBXFileReference; lastKnownFileType = sourcecode.swift; path = WrapperType.swift; sourceTree = "<group>"; };
		9A6A864C284B67CC0061D857 /* ViewModelType.swift */ = {isa = PBXFileReference; lastKnownFileType = sourcecode.swift; path = ViewModelType.swift; sourceTree = "<group>"; };
		9A6A864E284B68600061D857 /* String+.swift */ = {isa = PBXFileReference; lastKnownFileType = sourcecode.swift; path = "String+.swift"; sourceTree = "<group>"; };
		9A6A8650284B689F0061D857 /* Numeric+.swift */ = {isa = PBXFileReference; lastKnownFileType = sourcecode.swift; path = "Numeric+.swift"; sourceTree = "<group>"; };
		9A74799A284B8960007A7AE3 /* DetailPresenter.swift */ = {isa = PBXFileReference; lastKnownFileType = sourcecode.swift; path = DetailPresenter.swift; sourceTree = "<group>"; };
		9A74799B284B8960007A7AE3 /* DetailWorker.swift */ = {isa = PBXFileReference; lastKnownFileType = sourcecode.swift; path = DetailWorker.swift; sourceTree = "<group>"; };
		9A74799C284B8960007A7AE3 /* DetailRouter.swift */ = {isa = PBXFileReference; lastKnownFileType = sourcecode.swift; path = DetailRouter.swift; sourceTree = "<group>"; };
		9A74799D284B8960007A7AE3 /* DetailModels.swift */ = {isa = PBXFileReference; lastKnownFileType = sourcecode.swift; path = DetailModels.swift; sourceTree = "<group>"; };
		9A74799E284B8960007A7AE3 /* DetailViewController.swift */ = {isa = PBXFileReference; lastKnownFileType = sourcecode.swift; path = DetailViewController.swift; sourceTree = "<group>"; };
		9A74799F284B8960007A7AE3 /* DetailInteractor.swift */ = {isa = PBXFileReference; lastKnownFileType = sourcecode.swift; path = DetailInteractor.swift; sourceTree = "<group>"; };
		9A7479A6284B89CB007A7AE3 /* DetailViewController.xib */ = {isa = PBXFileReference; lastKnownFileType = file.xib; path = DetailViewController.xib; sourceTree = "<group>"; };
		9A7479A9284CB303007A7AE3 /* SearchValidator.swift */ = {isa = PBXFileReference; lastKnownFileType = sourcecode.swift; path = SearchValidator.swift; sourceTree = "<group>"; };
		9A7479AC284CB3E2007A7AE3 /* SearchTests.swift */ = {isa = PBXFileReference; lastKnownFileType = sourcecode.swift; path = SearchTests.swift; sourceTree = "<group>"; };
		9A7479AF284CB45B007A7AE3 /* MockRequestable.swift */ = {isa = PBXFileReference; lastKnownFileType = sourcecode.swift; path = MockRequestable.swift; sourceTree = "<group>"; };
		9A7479B1284CB486007A7AE3 /* MockSearchRequestable.swift */ = {isa = PBXFileReference; lastKnownFileType = sourcecode.swift; path = MockSearchRequestable.swift; sourceTree = "<group>"; };
		9A7479B4284CB585007A7AE3 /* MockSearchData.json */ = {isa = PBXFileReference; lastKnownFileType = text.json; path = MockSearchData.json; sourceTree = "<group>"; };
		9A7479B7284CB6B9007A7AE3 /* MockSearchInteractor.swift */ = {isa = PBXFileReference; lastKnownFileType = sourcecode.swift; path = MockSearchInteractor.swift; sourceTree = "<group>"; };
		9A7479B9284CB6CC007A7AE3 /* MockSearchPresenter.swift */ = {isa = PBXFileReference; lastKnownFileType = sourcecode.swift; path = MockSearchPresenter.swift; sourceTree = "<group>"; };
		9A7479BB284CB6E4007A7AE3 /* MockSearchView.swift */ = {isa = PBXFileReference; lastKnownFileType = sourcecode.swift; path = MockSearchView.swift; sourceTree = "<group>"; };
		9A7479BD284CB6FB007A7AE3 /* MockSearchConfigurator.swift */ = {isa = PBXFileReference; lastKnownFileType = sourcecode.swift; path = MockSearchConfigurator.swift; sourceTree = "<group>"; };
		9A7479C1284CB731007A7AE3 /* MockSearchRouter.swift */ = {isa = PBXFileReference; lastKnownFileType = sourcecode.swift; path = MockSearchRouter.swift; sourceTree = "<group>"; };
		9A7479C3284CB74A007A7AE3 /* MockSearchWorker.swift */ = {isa = PBXFileReference; lastKnownFileType = sourcecode.swift; path = MockSearchWorker.swift; sourceTree = "<group>"; };
		9A7479C6284CBEAA007A7AE3 /* MockAPIRequester.swift */ = {isa = PBXFileReference; lastKnownFileType = sourcecode.swift; path = MockAPIRequester.swift; sourceTree = "<group>"; };
		9A909ECA284B73800000729A /* IndicatorView.swift */ = {isa = PBXFileReference; lastKnownFileType = sourcecode.swift; path = IndicatorView.swift; sourceTree = "<group>"; };
/* End PBXFileReference section */

/* Begin PBXFrameworksBuildPhase section */
		9A6A85BF284A6C900061D857 /* Frameworks */ = {
			isa = PBXFrameworksBuildPhase;
			buildActionMask = 2147483647;
			files = (
				9A6A8654284B69190061D857 /* Kingfisher in Frameworks */,
				9A6A85FF284A726C0061D857 /* Alamofire in Frameworks */,
			);
			runOnlyForDeploymentPostprocessing = 0;
		};
		9A6A85D5284A6C930061D857 /* Frameworks */ = {
			isa = PBXFrameworksBuildPhase;
			buildActionMask = 2147483647;
			files = (
			);
			runOnlyForDeploymentPostprocessing = 0;
		};
		9A6A85DF284A6C930061D857 /* Frameworks */ = {
			isa = PBXFrameworksBuildPhase;
			buildActionMask = 2147483647;
			files = (
			);
			runOnlyForDeploymentPostprocessing = 0;
		};
/* End PBXFrameworksBuildPhase section */

/* Begin PBXGroup section */
		9A6A85B9284A6C900061D857 = {
			isa = PBXGroup;
			children = (
				9A6A85C4284A6C900061D857 /* iTunesSearch */,
				9A6A85DB284A6C930061D857 /* iTunesSearchTests */,
				9A6A85C3284A6C900061D857 /* Products */,
			);
			sourceTree = "<group>";
		};
		9A6A85C3284A6C900061D857 /* Products */ = {
			isa = PBXGroup;
			children = (
				9A6A85C2284A6C900061D857 /* iTunesSearch.app */,
				9A6A85D8284A6C930061D857 /* iTunesSearchTests.xctest */,
				9A6A85E2284A6C930061D857 /* iTunesSearchUITests.xctest */,
			);
			name = Products;
			sourceTree = "<group>";
		};
		9A6A85C4284A6C900061D857 /* iTunesSearch */ = {
			isa = PBXGroup;
			children = (
				9A6A85F5284A6E340061D857 /* Application */,
				9A6A85F6284A6E3D0061D857 /* Common */,
				9A6A85F7284A6E5B0061D857 /* Resources */,
				9A6A861D284AB1470061D857 /* Scenes */,
				9A6A85F9284A70030061D857 /* Storyboard */,
				9A6A85F8284A6E8C0061D857 /* SupportingFiles */,
			);
			path = iTunesSearch;
			sourceTree = "<group>";
		};
		9A6A85DB284A6C930061D857 /* iTunesSearchTests */ = {
			isa = PBXGroup;
			children = (
				9A7479C5284CBE9E007A7AE3 /* MockAPIRequester */,
				9A7479B6284CB688007A7AE3 /* MockSearchModule */,
				9A7479B3284CB562007A7AE3 /* MockData */,
				9A7479AE284CB438007A7AE3 /* MockRequestable */,
				9A7479AB284CB3C7007A7AE3 /* SearchTests */,
				9A7479A8284CB2EC007A7AE3 /* Validators */,
			);
			path = iTunesSearchTests;
			sourceTree = "<group>";
		};
		9A6A85F5284A6E340061D857 /* Application */ = {
			isa = PBXGroup;
			children = (
				9A6A85C5284A6C900061D857 /* AppDelegate.swift */,
				9A6A85C7284A6C900061D857 /* SceneDelegate.swift */,
				9A6A8641284AB8790061D857 /* AppDependencies.swift */,
			);
			path = Application;
			sourceTree = "<group>";
		};
		9A6A85F6284A6E3D0061D857 /* Common */ = {
			isa = PBXGroup;
			children = (
				9A6A860C284A73830061D857 /* Network */,
				9A6A8605284A72F80061D857 /* Utilities */,
				9A6A85FC284A72150061D857 /* Extensions */,
			);
			path = Common;
			sourceTree = "<group>";
		};
		9A6A85F7284A6E5B0061D857 /* Resources */ = {
			isa = PBXGroup;
			children = (
				9A6A85CE284A6C930061D857 /* Images.xcassets */,
				9A6A85FA284A70270061D857 /* Colors.xcassets */,
			);
			path = Resources;
			sourceTree = "<group>";
		};
		9A6A85F8284A6E8C0061D857 /* SupportingFiles */ = {
			isa = PBXGroup;
			children = (
				9A6A85D3284A6C930061D857 /* Info.plist */,
			);
			path = SupportingFiles;
			sourceTree = "<group>";
		};
		9A6A85F9284A70030061D857 /* Storyboard */ = {
			isa = PBXGroup;
			children = (
				9A6A85CB284A6C900061D857 /* Main.storyboard */,
				9A6A85D0284A6C930061D857 /* LaunchScreen.storyboard */,
			);
			path = Storyboard;
			sourceTree = "<group>";
		};
		9A6A85FC284A72150061D857 /* Extensions */ = {
			isa = PBXGroup;
			children = (
				9A6A8600284A72890061D857 /* UIs */,
				9A6A8601284A72A20061D857 /* DataRequest+.swift */,
				9A6A8603284A72CE0061D857 /* URLRequest+.swift */,
				9A6A864E284B68600061D857 /* String+.swift */,
				9A6A8650284B689F0061D857 /* Numeric+.swift */,
			);
			path = Extensions;
			sourceTree = "<group>";
		};
		9A6A8600284A72890061D857 /* UIs */ = {
			isa = PBXGroup;
			children = (
				9A6A8639284AB7540061D857 /* UIView+.swift */,
				9A6A863B284AB78B0061D857 /* UIViewController+.swift */,
				9A6A863F284AB7ED0061D857 /* UICollectionView+.swift */,
			);
			path = UIs;
			sourceTree = "<group>";
		};
		9A6A8605284A72F80061D857 /* Utilities */ = {
			isa = PBXGroup;
			children = (
				9A6A8633284AB60B0061D857 /* Components */,
				9A6A8610284A74210061D857 /* Contants */,
				9A6A8609284A73540061D857 /* Enums */,
				9A6A8606284A73130061D857 /* Contracts */,
			);
			path = Utilities;
			sourceTree = "<group>";
		};
		9A6A8606284A73130061D857 /* Contracts */ = {
			isa = PBXGroup;
			children = (
				9A6A8607284A73300061D857 /* RequestableProtocol.swift */,
				9A6A8637284AB7200061D857 /* Reusable.swift */,
				9A6A864C284B67CC0061D857 /* ViewModelType.swift */,
			);
			path = Contracts;
			sourceTree = "<group>";
		};
		9A6A8609284A73540061D857 /* Enums */ = {
			isa = PBXGroup;
			children = (
				9A6A860A284A73680061D857 /* APIError.swift */,
				9A6A864A284ABE470061D857 /* WrapperType.swift */,
			);
			path = Enums;
			sourceTree = "<group>";
		};
		9A6A860C284A73830061D857 /* Network */ = {
			isa = PBXGroup;
			children = (
				9A6A861A284A782E0061D857 /* Response */,
				9A6A8615284A76110061D857 /* Requester */,
				9A6A860D284A73C10061D857 /* Requestable */,
			);
			path = Network;
			sourceTree = "<group>";
		};
		9A6A860D284A73C10061D857 /* Requestable */ = {
			isa = PBXGroup;
			children = (
				9A6A860E284A73DE0061D857 /* Requestable.swift */,
				9A6A8613284A74C00061D857 /* SearchRequestable.swift */,
			);
			path = Requestable;
			sourceTree = "<group>";
		};
		9A6A8610284A74210061D857 /* Contants */ = {
			isa = PBXGroup;
			children = (
				9A6A8611284A74460061D857 /* iTunesConstants.swift */,
				9A6A863D284AB7A80061D857 /* TypeAliases.swift */,
			);
			path = Contants;
			sourceTree = "<group>";
		};
		9A6A8615284A76110061D857 /* Requester */ = {
			isa = PBXGroup;
			children = (
				9A6A8616284A762D0061D857 /* Requester.swift */,
				9A6A8618284A767C0061D857 /* APIRequester.swift */,
			);
			path = Requester;
			sourceTree = "<group>";
		};
		9A6A861A284A782E0061D857 /* Response */ = {
			isa = PBXGroup;
			children = (
				9A6A861B284A783F0061D857 /* BaseResponse.swift */,
			);
			path = Response;
			sourceTree = "<group>";
		};
		9A6A861D284AB1470061D857 /* Scenes */ = {
			isa = PBXGroup;
			children = (
				9A747999284B894C007A7AE3 /* Detail */,
				9A6A861E284AB3C40061D857 /* Search */,
			);
			path = Scenes;
			sourceTree = "<group>";
		};
		9A6A861E284AB3C40061D857 /* Search */ = {
			isa = PBXGroup;
			children = (
				9A6A8645284ABBB60061D857 /* Entities */,
				9A6A862D284AB5AF0061D857 /* Views */,
				9A6A861F284AB3DB0061D857 /* SearchPresenter.swift */,
				9A6A8620284AB3DB0061D857 /* SearchWorker.swift */,
				9A6A8621284AB3DB0061D857 /* SearchRouter.swift */,
				9A6A8622284AB3DB0061D857 /* SearchModels.swift */,
				9A6A8623284AB3DB0061D857 /* SearchViewController.swift */,
				9A6A8624284AB3DB0061D857 /* SearchInteractor.swift */,
				9A6A8643284AB93B0061D857 /* SearchViewController.xib */,
			);
			path = Search;
			sourceTree = "<group>";
		};
		9A6A862D284AB5AF0061D857 /* Views */ = {
			isa = PBXGroup;
			children = (
				9A6A862E284AB5BB0061D857 /* SearchCollectionViewCell */,
			);
			path = Views;
			sourceTree = "<group>";
		};
		9A6A862E284AB5BB0061D857 /* SearchCollectionViewCell */ = {
			isa = PBXGroup;
			children = (
				9A6A862F284AB5D30061D857 /* SearchCollectionViewCell.swift */,
				9A6A8630284AB5D30061D857 /* SearchCollectionViewCell.xib */,
			);
			path = SearchCollectionViewCell;
			sourceTree = "<group>";
		};
		9A6A8633284AB60B0061D857 /* Components */ = {
			isa = PBXGroup;
			children = (
				9A909EC9284B736B0000729A /* IndicatorView */,
				9A6A8634284AB6180061D857 /* FlowLayout */,
			);
			path = Components;
			sourceTree = "<group>";
		};
		9A6A8634284AB6180061D857 /* FlowLayout */ = {
			isa = PBXGroup;
			children = (
				9A6A8635284AB6340061D857 /* FlowLayout.swift */,
			);
			path = FlowLayout;
			sourceTree = "<group>";
		};
		9A6A8645284ABBB60061D857 /* Entities */ = {
			isa = PBXGroup;
			children = (
				9A6A8648284ABBF80061D857 /* Search */,
			);
			path = Entities;
			sourceTree = "<group>";
		};
		9A6A8648284ABBF80061D857 /* Search */ = {
			isa = PBXGroup;
			children = (
				9A6A8646284ABBCB0061D857 /* SearchEntity.swift */,
			);
			path = Search;
			sourceTree = "<group>";
		};
		9A747999284B894C007A7AE3 /* Detail */ = {
			isa = PBXGroup;
			children = (
				9A74799A284B8960007A7AE3 /* DetailPresenter.swift */,
				9A74799B284B8960007A7AE3 /* DetailWorker.swift */,
				9A74799C284B8960007A7AE3 /* DetailRouter.swift */,
				9A74799D284B8960007A7AE3 /* DetailModels.swift */,
				9A74799E284B8960007A7AE3 /* DetailViewController.swift */,
				9A74799F284B8960007A7AE3 /* DetailInteractor.swift */,
				9A7479A6284B89CB007A7AE3 /* DetailViewController.xib */,
			);
			path = Detail;
			sourceTree = "<group>";
		};
		9A7479A8284CB2EC007A7AE3 /* Validators */ = {
			isa = PBXGroup;
			children = (
				9A7479A9284CB303007A7AE3 /* SearchValidator.swift */,
			);
			path = Validators;
			sourceTree = "<group>";
		};
		9A7479AB284CB3C7007A7AE3 /* SearchTests */ = {
			isa = PBXGroup;
			children = (
				9A7479AC284CB3E2007A7AE3 /* SearchTests.swift */,
			);
			path = SearchTests;
			sourceTree = "<group>";
		};
		9A7479AE284CB438007A7AE3 /* MockRequestable */ = {
			isa = PBXGroup;
			children = (
				9A7479AF284CB45B007A7AE3 /* MockRequestable.swift */,
				9A7479B1284CB486007A7AE3 /* MockSearchRequestable.swift */,
			);
			path = MockRequestable;
			sourceTree = "<group>";
		};
		9A7479B3284CB562007A7AE3 /* MockData */ = {
			isa = PBXGroup;
			children = (
				9A7479B4284CB585007A7AE3 /* MockSearchData.json */,
			);
			path = MockData;
			sourceTree = "<group>";
		};
		9A7479B6284CB688007A7AE3 /* MockSearchModule */ = {
			isa = PBXGroup;
			children = (
				9A7479B7284CB6B9007A7AE3 /* MockSearchInteractor.swift */,
				9A7479B9284CB6CC007A7AE3 /* MockSearchPresenter.swift */,
				9A7479BB284CB6E4007A7AE3 /* MockSearchView.swift */,
				9A7479BD284CB6FB007A7AE3 /* MockSearchConfigurator.swift */,
				9A7479C1284CB731007A7AE3 /* MockSearchRouter.swift */,
				9A7479C3284CB74A007A7AE3 /* MockSearchWorker.swift */,
			);
			path = MockSearchModule;
			sourceTree = "<group>";
		};
		9A7479C5284CBE9E007A7AE3 /* MockAPIRequester */ = {
			isa = PBXGroup;
			children = (
				9A7479C6284CBEAA007A7AE3 /* MockAPIRequester.swift */,
			);
			path = MockAPIRequester;
			sourceTree = "<group>";
		};
		9A909EC9284B736B0000729A /* IndicatorView */ = {
			isa = PBXGroup;
			children = (
				9A909ECA284B73800000729A /* IndicatorView.swift */,
			);
			path = IndicatorView;
			sourceTree = "<group>";
		};
/* End PBXGroup section */

/* Begin PBXNativeTarget section */
		9A6A85C1284A6C900061D857 /* iTunesSearch */ = {
			isa = PBXNativeTarget;
			buildConfigurationList = 9A6A85EC284A6C930061D857 /* Build configuration list for PBXNativeTarget "iTunesSearch" */;
			buildPhases = (
				9A6A85BE284A6C900061D857 /* Sources */,
				9A6A85BF284A6C900061D857 /* Frameworks */,
				9A6A85C0284A6C900061D857 /* Resources */,
			);
			buildRules = (
			);
			dependencies = (
			);
			name = iTunesSearch;
			packageProductDependencies = (
				9A6A85FE284A726C0061D857 /* Alamofire */,
				9A6A8653284B69190061D857 /* Kingfisher */,
			);
			productName = iTunesSearch;
			productReference = 9A6A85C2284A6C900061D857 /* iTunesSearch.app */;
			productType = "com.apple.product-type.application";
		};
		9A6A85D7284A6C930061D857 /* iTunesSearchTests */ = {
			isa = PBXNativeTarget;
			buildConfigurationList = 9A6A85EF284A6C930061D857 /* Build configuration list for PBXNativeTarget "iTunesSearchTests" */;
			buildPhases = (
				9A6A85D4284A6C930061D857 /* Sources */,
				9A6A85D5284A6C930061D857 /* Frameworks */,
				9A6A85D6284A6C930061D857 /* Resources */,
			);
			buildRules = (
			);
			dependencies = (
				9A6A85DA284A6C930061D857 /* PBXTargetDependency */,
			);
			name = iTunesSearchTests;
			productName = iTunesSearchTests;
			productReference = 9A6A85D8284A6C930061D857 /* iTunesSearchTests.xctest */;
			productType = "com.apple.product-type.bundle.unit-test";
		};
		9A6A85E1284A6C930061D857 /* iTunesSearchUITests */ = {
			isa = PBXNativeTarget;
			buildConfigurationList = 9A6A85F2284A6C930061D857 /* Build configuration list for PBXNativeTarget "iTunesSearchUITests" */;
			buildPhases = (
				9A6A85DE284A6C930061D857 /* Sources */,
				9A6A85DF284A6C930061D857 /* Frameworks */,
				9A6A85E0284A6C930061D857 /* Resources */,
			);
			buildRules = (
			);
			dependencies = (
				9A6A85E4284A6C930061D857 /* PBXTargetDependency */,
			);
			name = iTunesSearchUITests;
			productName = iTunesSearchUITests;
			productReference = 9A6A85E2284A6C930061D857 /* iTunesSearchUITests.xctest */;
			productType = "com.apple.product-type.bundle.ui-testing";
		};
/* End PBXNativeTarget section */

/* Begin PBXProject section */
		9A6A85BA284A6C900061D857 /* Project object */ = {
			isa = PBXProject;
			attributes = {
				BuildIndependentTargetsInParallel = 1;
				LastSwiftUpdateCheck = 1320;
				LastUpgradeCheck = 1320;
				TargetAttributes = {
					9A6A85C1284A6C900061D857 = {
						CreatedOnToolsVersion = 13.2.1;
					};
					9A6A85D7284A6C930061D857 = {
						CreatedOnToolsVersion = 13.2.1;
						TestTargetID = 9A6A85C1284A6C900061D857;
					};
					9A6A85E1284A6C930061D857 = {
						CreatedOnToolsVersion = 13.2.1;
						TestTargetID = 9A6A85C1284A6C900061D857;
					};
				};
			};
			buildConfigurationList = 9A6A85BD284A6C900061D857 /* Build configuration list for PBXProject "iTunesSearch" */;
			compatibilityVersion = "Xcode 13.0";
			developmentRegion = en;
			hasScannedForEncodings = 0;
			knownRegions = (
				en,
				Base,
			);
			mainGroup = 9A6A85B9284A6C900061D857;
			packageReferences = (
				9A6A85FD284A726C0061D857 /* XCRemoteSwiftPackageReference "Alamofire" */,
				9A6A8652284B69190061D857 /* XCRemoteSwiftPackageReference "Kingfisher" */,
			);
			productRefGroup = 9A6A85C3284A6C900061D857 /* Products */;
			projectDirPath = "";
			projectRoot = "";
			targets = (
				9A6A85C1284A6C900061D857 /* iTunesSearch */,
				9A6A85D7284A6C930061D857 /* iTunesSearchTests */,
				9A6A85E1284A6C930061D857 /* iTunesSearchUITests */,
			);
		};
/* End PBXProject section */

/* Begin PBXResourcesBuildPhase section */
		9A6A85C0284A6C900061D857 /* Resources */ = {
			isa = PBXResourcesBuildPhase;
			buildActionMask = 2147483647;
			files = (
				9A6A8632284AB5D30061D857 /* SearchCollectionViewCell.xib in Resources */,
				9A6A85D2284A6C930061D857 /* LaunchScreen.storyboard in Resources */,
				9A7479A7284B89CB007A7AE3 /* DetailViewController.xib in Resources */,
				9A6A8644284AB93B0061D857 /* SearchViewController.xib in Resources */,
				9A6A85FB284A70270061D857 /* Colors.xcassets in Resources */,
				9A6A85CF284A6C930061D857 /* Images.xcassets in Resources */,
				9A6A85CD284A6C900061D857 /* Main.storyboard in Resources */,
			);
			runOnlyForDeploymentPostprocessing = 0;
		};
		9A6A85D6284A6C930061D857 /* Resources */ = {
			isa = PBXResourcesBuildPhase;
			buildActionMask = 2147483647;
			files = (
				9A7479B5284CB585007A7AE3 /* MockSearchData.json in Resources */,
			);
			runOnlyForDeploymentPostprocessing = 0;
		};
		9A6A85E0284A6C930061D857 /* Resources */ = {
			isa = PBXResourcesBuildPhase;
			buildActionMask = 2147483647;
			files = (
			);
			runOnlyForDeploymentPostprocessing = 0;
		};
/* End PBXResourcesBuildPhase section */

/* Begin PBXSourcesBuildPhase section */
		9A6A85BE284A6C900061D857 /* Sources */ = {
			isa = PBXSourcesBuildPhase;
			buildActionMask = 2147483647;
			files = (
				9A6A8640284AB7ED0061D857 /* UICollectionView+.swift in Sources */,
				9A6A8612284A74460061D857 /* iTunesConstants.swift in Sources */,
				9A6A863C284AB78B0061D857 /* UIViewController+.swift in Sources */,
				9A909ECB284B73800000729A /* IndicatorView.swift in Sources */,
				9A6A862A284AB3DB0061D857 /* SearchInteractor.swift in Sources */,
				9A6A8628284AB3DB0061D857 /* SearchModels.swift in Sources */,
				9A6A8642284AB8790061D857 /* AppDependencies.swift in Sources */,
				9A6A8651284B689F0061D857 /* Numeric+.swift in Sources */,
				9A6A860F284A73DE0061D857 /* Requestable.swift in Sources */,
				9A6A864D284B67CC0061D857 /* ViewModelType.swift in Sources */,
				9A6A85C6284A6C900061D857 /* AppDelegate.swift in Sources */,
				9A6A8627284AB3DB0061D857 /* SearchRouter.swift in Sources */,
				9A6A85C8284A6C900061D857 /* SceneDelegate.swift in Sources */,
				9A6A8602284A72A20061D857 /* DataRequest+.swift in Sources */,
				9A6A8625284AB3DB0061D857 /* SearchPresenter.swift in Sources */,
				9A6A8604284A72CE0061D857 /* URLRequest+.swift in Sources */,
				9A6A8619284A767C0061D857 /* APIRequester.swift in Sources */,
				9A6A863E284AB7A80061D857 /* TypeAliases.swift in Sources */,
				9A7479A1284B8960007A7AE3 /* DetailWorker.swift in Sources */,
				9A6A8638284AB7200061D857 /* Reusable.swift in Sources */,
				9A7479A5284B8960007A7AE3 /* DetailInteractor.swift in Sources */,
				9A6A864B284ABE470061D857 /* WrapperType.swift in Sources */,
				9A6A8614284A74C00061D857 /* SearchRequestable.swift in Sources */,
				9A7479A3284B8960007A7AE3 /* DetailModels.swift in Sources */,
				9A6A8629284AB3DB0061D857 /* SearchViewController.swift in Sources */,
				9A6A8631284AB5D30061D857 /* SearchCollectionViewCell.swift in Sources */,
				9A6A8647284ABBCB0061D857 /* SearchEntity.swift in Sources */,
				9A6A8608284A73300061D857 /* RequestableProtocol.swift in Sources */,
				9A6A864F284B68600061D857 /* String+.swift in Sources */,
				9A7479A4284B8960007A7AE3 /* DetailViewController.swift in Sources */,
				9A6A8626284AB3DB0061D857 /* SearchWorker.swift in Sources */,
				9A6A8617284A762D0061D857 /* Requester.swift in Sources */,
				9A6A860B284A73680061D857 /* APIError.swift in Sources */,
				9A6A8636284AB6340061D857 /* FlowLayout.swift in Sources */,
				9A6A861C284A783F0061D857 /* BaseResponse.swift in Sources */,
				9A7479A2284B8960007A7AE3 /* DetailRouter.swift in Sources */,
				9A6A863A284AB7540061D857 /* UIView+.swift in Sources */,
				9A7479A0284B8960007A7AE3 /* DetailPresenter.swift in Sources */,
			);
			runOnlyForDeploymentPostprocessing = 0;
		};
		9A6A85D4284A6C930061D857 /* Sources */ = {
			isa = PBXSourcesBuildPhase;
			buildActionMask = 2147483647;
			files = (
				9A7479C2284CB731007A7AE3 /* MockSearchRouter.swift in Sources */,
				9A7479AD284CB3E2007A7AE3 /* SearchTests.swift in Sources */,
				9A7479C4284CB74A007A7AE3 /* MockSearchWorker.swift in Sources */,
				9A7479BE284CB6FB007A7AE3 /* MockSearchConfigurator.swift in Sources */,
				9A7479AA284CB303007A7AE3 /* SearchValidator.swift in Sources */,
				9A7479C7284CBEAA007A7AE3 /* MockAPIRequester.swift in Sources */,
				9A7479BC284CB6E4007A7AE3 /* MockSearchView.swift in Sources */,
				9A7479B8284CB6B9007A7AE3 /* MockSearchInteractor.swift in Sources */,
				9A7479BA284CB6CC007A7AE3 /* MockSearchPresenter.swift in Sources */,
				9A7479B0284CB45B007A7AE3 /* MockRequestable.swift in Sources */,
				9A7479B2284CB486007A7AE3 /* MockSearchRequestable.swift in Sources */,
			);
			runOnlyForDeploymentPostprocessing = 0;
		};
		9A6A85DE284A6C930061D857 /* Sources */ = {
			isa = PBXSourcesBuildPhase;
			buildActionMask = 2147483647;
			files = (
			);
			runOnlyForDeploymentPostprocessing = 0;
		};
/* End PBXSourcesBuildPhase section */

/* Begin PBXTargetDependency section */
		9A6A85DA284A6C930061D857 /* PBXTargetDependency */ = {
			isa = PBXTargetDependency;
			target = 9A6A85C1284A6C900061D857 /* iTunesSearch */;
			targetProxy = 9A6A85D9284A6C930061D857 /* PBXContainerItemProxy */;
		};
		9A6A85E4284A6C930061D857 /* PBXTargetDependency */ = {
			isa = PBXTargetDependency;
			target = 9A6A85C1284A6C900061D857 /* iTunesSearch */;
			targetProxy = 9A6A85E3284A6C930061D857 /* PBXContainerItemProxy */;
		};
/* End PBXTargetDependency section */

/* Begin PBXVariantGroup section */
		9A6A85CB284A6C900061D857 /* Main.storyboard */ = {
			isa = PBXVariantGroup;
			children = (
				9A6A85CC284A6C900061D857 /* Base */,
			);
			name = Main.storyboard;
			sourceTree = "<group>";
		};
		9A6A85D0284A6C930061D857 /* LaunchScreen.storyboard */ = {
			isa = PBXVariantGroup;
			children = (
				9A6A85D1284A6C930061D857 /* Base */,
			);
			name = LaunchScreen.storyboard;
			sourceTree = "<group>";
		};
/* End PBXVariantGroup section */

/* Begin XCBuildConfiguration section */
		9A6A85EA284A6C930061D857 /* Debug */ = {
			isa = XCBuildConfiguration;
			buildSettings = {
				ALWAYS_SEARCH_USER_PATHS = NO;
				CLANG_ANALYZER_NONNULL = YES;
				CLANG_ANALYZER_NUMBER_OBJECT_CONVERSION = YES_AGGRESSIVE;
				CLANG_CXX_LANGUAGE_STANDARD = "gnu++17";
				CLANG_CXX_LIBRARY = "libc++";
				CLANG_ENABLE_MODULES = YES;
				CLANG_ENABLE_OBJC_ARC = YES;
				CLANG_ENABLE_OBJC_WEAK = YES;
				CLANG_WARN_BLOCK_CAPTURE_AUTORELEASING = YES;
				CLANG_WARN_BOOL_CONVERSION = YES;
				CLANG_WARN_COMMA = YES;
				CLANG_WARN_CONSTANT_CONVERSION = YES;
				CLANG_WARN_DEPRECATED_OBJC_IMPLEMENTATIONS = YES;
				CLANG_WARN_DIRECT_OBJC_ISA_USAGE = YES_ERROR;
				CLANG_WARN_DOCUMENTATION_COMMENTS = YES;
				CLANG_WARN_EMPTY_BODY = YES;
				CLANG_WARN_ENUM_CONVERSION = YES;
				CLANG_WARN_INFINITE_RECURSION = YES;
				CLANG_WARN_INT_CONVERSION = YES;
				CLANG_WARN_NON_LITERAL_NULL_CONVERSION = YES;
				CLANG_WARN_OBJC_IMPLICIT_RETAIN_SELF = YES;
				CLANG_WARN_OBJC_LITERAL_CONVERSION = YES;
				CLANG_WARN_OBJC_ROOT_CLASS = YES_ERROR;
				CLANG_WARN_QUOTED_INCLUDE_IN_FRAMEWORK_HEADER = YES;
				CLANG_WARN_RANGE_LOOP_ANALYSIS = YES;
				CLANG_WARN_STRICT_PROTOTYPES = YES;
				CLANG_WARN_SUSPICIOUS_MOVE = YES;
				CLANG_WARN_UNGUARDED_AVAILABILITY = YES_AGGRESSIVE;
				CLANG_WARN_UNREACHABLE_CODE = YES;
				CLANG_WARN__DUPLICATE_METHOD_MATCH = YES;
				COPY_PHASE_STRIP = NO;
				DEBUG_INFORMATION_FORMAT = dwarf;
				ENABLE_STRICT_OBJC_MSGSEND = YES;
				ENABLE_TESTABILITY = YES;
				GCC_C_LANGUAGE_STANDARD = gnu11;
				GCC_DYNAMIC_NO_PIC = NO;
				GCC_NO_COMMON_BLOCKS = YES;
				GCC_OPTIMIZATION_LEVEL = 0;
				GCC_PREPROCESSOR_DEFINITIONS = (
					"DEBUG=1",
					"$(inherited)",
				);
				GCC_WARN_64_TO_32_BIT_CONVERSION = YES;
				GCC_WARN_ABOUT_RETURN_TYPE = YES_ERROR;
				GCC_WARN_UNDECLARED_SELECTOR = YES;
				GCC_WARN_UNINITIALIZED_AUTOS = YES_AGGRESSIVE;
				GCC_WARN_UNUSED_FUNCTION = YES;
				GCC_WARN_UNUSED_VARIABLE = YES;
				IPHONEOS_DEPLOYMENT_TARGET = 15.2;
				MTL_ENABLE_DEBUG_INFO = INCLUDE_SOURCE;
				MTL_FAST_MATH = YES;
				ONLY_ACTIVE_ARCH = YES;
				SDKROOT = iphoneos;
				SWIFT_ACTIVE_COMPILATION_CONDITIONS = DEBUG;
				SWIFT_OPTIMIZATION_LEVEL = "-Onone";
			};
			name = Debug;
		};
		9A6A85EB284A6C930061D857 /* Release */ = {
			isa = XCBuildConfiguration;
			buildSettings = {
				ALWAYS_SEARCH_USER_PATHS = NO;
				CLANG_ANALYZER_NONNULL = YES;
				CLANG_ANALYZER_NUMBER_OBJECT_CONVERSION = YES_AGGRESSIVE;
				CLANG_CXX_LANGUAGE_STANDARD = "gnu++17";
				CLANG_CXX_LIBRARY = "libc++";
				CLANG_ENABLE_MODULES = YES;
				CLANG_ENABLE_OBJC_ARC = YES;
				CLANG_ENABLE_OBJC_WEAK = YES;
				CLANG_WARN_BLOCK_CAPTURE_AUTORELEASING = YES;
				CLANG_WARN_BOOL_CONVERSION = YES;
				CLANG_WARN_COMMA = YES;
				CLANG_WARN_CONSTANT_CONVERSION = YES;
				CLANG_WARN_DEPRECATED_OBJC_IMPLEMENTATIONS = YES;
				CLANG_WARN_DIRECT_OBJC_ISA_USAGE = YES_ERROR;
				CLANG_WARN_DOCUMENTATION_COMMENTS = YES;
				CLANG_WARN_EMPTY_BODY = YES;
				CLANG_WARN_ENUM_CONVERSION = YES;
				CLANG_WARN_INFINITE_RECURSION = YES;
				CLANG_WARN_INT_CONVERSION = YES;
				CLANG_WARN_NON_LITERAL_NULL_CONVERSION = YES;
				CLANG_WARN_OBJC_IMPLICIT_RETAIN_SELF = YES;
				CLANG_WARN_OBJC_LITERAL_CONVERSION = YES;
				CLANG_WARN_OBJC_ROOT_CLASS = YES_ERROR;
				CLANG_WARN_QUOTED_INCLUDE_IN_FRAMEWORK_HEADER = YES;
				CLANG_WARN_RANGE_LOOP_ANALYSIS = YES;
				CLANG_WARN_STRICT_PROTOTYPES = YES;
				CLANG_WARN_SUSPICIOUS_MOVE = YES;
				CLANG_WARN_UNGUARDED_AVAILABILITY = YES_AGGRESSIVE;
				CLANG_WARN_UNREACHABLE_CODE = YES;
				CLANG_WARN__DUPLICATE_METHOD_MATCH = YES;
				COPY_PHASE_STRIP = NO;
				DEBUG_INFORMATION_FORMAT = "dwarf-with-dsym";
				ENABLE_NS_ASSERTIONS = NO;
				ENABLE_STRICT_OBJC_MSGSEND = YES;
				GCC_C_LANGUAGE_STANDARD = gnu11;
				GCC_NO_COMMON_BLOCKS = YES;
				GCC_WARN_64_TO_32_BIT_CONVERSION = YES;
				GCC_WARN_ABOUT_RETURN_TYPE = YES_ERROR;
				GCC_WARN_UNDECLARED_SELECTOR = YES;
				GCC_WARN_UNINITIALIZED_AUTOS = YES_AGGRESSIVE;
				GCC_WARN_UNUSED_FUNCTION = YES;
				GCC_WARN_UNUSED_VARIABLE = YES;
				IPHONEOS_DEPLOYMENT_TARGET = 15.2;
				MTL_ENABLE_DEBUG_INFO = NO;
				MTL_FAST_MATH = YES;
				SDKROOT = iphoneos;
				SWIFT_COMPILATION_MODE = wholemodule;
				SWIFT_OPTIMIZATION_LEVEL = "-O";
				VALIDATE_PRODUCT = YES;
			};
			name = Release;
		};
		9A6A85ED284A6C930061D857 /* Debug */ = {
			isa = XCBuildConfiguration;
			buildSettings = {
				ASSETCATALOG_COMPILER_APPICON_NAME = AppIcon;
				ASSETCATALOG_COMPILER_GLOBAL_ACCENT_COLOR_NAME = AccentColor;
				CODE_SIGN_STYLE = Automatic;
				CURRENT_PROJECT_VERSION = 1;
				DEVELOPMENT_TEAM = J2FDYLJ6E3;
				GENERATE_INFOPLIST_FILE = YES;
				INFOPLIST_FILE = iTunesSearch/SupportingFiles/Info.plist;
				INFOPLIST_KEY_UIApplicationSupportsIndirectInputEvents = YES;
				INFOPLIST_KEY_UILaunchStoryboardName = LaunchScreen;
				INFOPLIST_KEY_UIMainStoryboardFile = Main;
				INFOPLIST_KEY_UISupportedInterfaceOrientations_iPad = "UIInterfaceOrientationPortrait UIInterfaceOrientationPortraitUpsideDown UIInterfaceOrientationLandscapeLeft UIInterfaceOrientationLandscapeRight";
				INFOPLIST_KEY_UISupportedInterfaceOrientations_iPhone = "UIInterfaceOrientationPortrait UIInterfaceOrientationLandscapeLeft UIInterfaceOrientationLandscapeRight";
				LD_RUNPATH_SEARCH_PATHS = (
					"$(inherited)",
					"@executable_path/Frameworks",
				);
				MARKETING_VERSION = 1.0;
				PRODUCT_BUNDLE_IDENTIFIER = com.bekiryesilkaya.iTunesSearch;
				PRODUCT_NAME = "$(TARGET_NAME)";
				SWIFT_EMIT_LOC_STRINGS = YES;
				SWIFT_VERSION = 5.0;
				TARGETED_DEVICE_FAMILY = "1,2";
			};
			name = Debug;
		};
		9A6A85EE284A6C930061D857 /* Release */ = {
			isa = XCBuildConfiguration;
			buildSettings = {
				ASSETCATALOG_COMPILER_APPICON_NAME = AppIcon;
				ASSETCATALOG_COMPILER_GLOBAL_ACCENT_COLOR_NAME = AccentColor;
				CODE_SIGN_STYLE = Automatic;
				CURRENT_PROJECT_VERSION = 1;
				DEVELOPMENT_TEAM = J2FDYLJ6E3;
				GENERATE_INFOPLIST_FILE = YES;
				INFOPLIST_FILE = iTunesSearch/SupportingFiles/Info.plist;
				INFOPLIST_KEY_UIApplicationSupportsIndirectInputEvents = YES;
				INFOPLIST_KEY_UILaunchStoryboardName = LaunchScreen;
				INFOPLIST_KEY_UIMainStoryboardFile = Main;
				INFOPLIST_KEY_UISupportedInterfaceOrientations_iPad = "UIInterfaceOrientationPortrait UIInterfaceOrientationPortraitUpsideDown UIInterfaceOrientationLandscapeLeft UIInterfaceOrientationLandscapeRight";
				INFOPLIST_KEY_UISupportedInterfaceOrientations_iPhone = "UIInterfaceOrientationPortrait UIInterfaceOrientationLandscapeLeft UIInterfaceOrientationLandscapeRight";
				LD_RUNPATH_SEARCH_PATHS = (
					"$(inherited)",
					"@executable_path/Frameworks",
				);
				MARKETING_VERSION = 1.0;
				PRODUCT_BUNDLE_IDENTIFIER = com.bekiryesilkaya.iTunesSearch;
				PRODUCT_NAME = "$(TARGET_NAME)";
				SWIFT_EMIT_LOC_STRINGS = YES;
				SWIFT_VERSION = 5.0;
				TARGETED_DEVICE_FAMILY = "1,2";
			};
			name = Release;
		};
		9A6A85F0284A6C930061D857 /* Debug */ = {
			isa = XCBuildConfiguration;
			buildSettings = {
				ALWAYS_EMBED_SWIFT_STANDARD_LIBRARIES = YES;
				BUNDLE_LOADER = "$(TEST_HOST)";
				CODE_SIGN_STYLE = Automatic;
				CURRENT_PROJECT_VERSION = 1;
				DEVELOPMENT_TEAM = J2FDYLJ6E3;
				GENERATE_INFOPLIST_FILE = YES;
				IPHONEOS_DEPLOYMENT_TARGET = 15.2;
				MARKETING_VERSION = 1.0;
				PRODUCT_BUNDLE_IDENTIFIER = com.bekiryesilkaya.iTunesSearchTests;
				PRODUCT_NAME = "$(TARGET_NAME)";
				SWIFT_EMIT_LOC_STRINGS = NO;
				SWIFT_VERSION = 5.0;
				TARGETED_DEVICE_FAMILY = "1,2";
				TEST_HOST = "$(BUILT_PRODUCTS_DIR)/iTunesSearch.app/iTunesSearch";
			};
			name = Debug;
		};
		9A6A85F1284A6C930061D857 /* Release */ = {
			isa = XCBuildConfiguration;
			buildSettings = {
				ALWAYS_EMBED_SWIFT_STANDARD_LIBRARIES = YES;
				BUNDLE_LOADER = "$(TEST_HOST)";
				CODE_SIGN_STYLE = Automatic;
				CURRENT_PROJECT_VERSION = 1;
				DEVELOPMENT_TEAM = J2FDYLJ6E3;
				GENERATE_INFOPLIST_FILE = YES;
				IPHONEOS_DEPLOYMENT_TARGET = 15.2;
				MARKETING_VERSION = 1.0;
				PRODUCT_BUNDLE_IDENTIFIER = com.bekiryesilkaya.iTunesSearchTests;
				PRODUCT_NAME = "$(TARGET_NAME)";
				SWIFT_EMIT_LOC_STRINGS = NO;
				SWIFT_VERSION = 5.0;
				TARGETED_DEVICE_FAMILY = "1,2";
				TEST_HOST = "$(BUILT_PRODUCTS_DIR)/iTunesSearch.app/iTunesSearch";
			};
			name = Release;
		};
		9A6A85F3284A6C930061D857 /* Debug */ = {
			isa = XCBuildConfiguration;
			buildSettings = {
				ALWAYS_EMBED_SWIFT_STANDARD_LIBRARIES = YES;
				CODE_SIGN_STYLE = Automatic;
				CURRENT_PROJECT_VERSION = 1;
				DEVELOPMENT_TEAM = J2FDYLJ6E3;
				GENERATE_INFOPLIST_FILE = YES;
				MARKETING_VERSION = 1.0;
				PRODUCT_BUNDLE_IDENTIFIER = com.bekiryesilkaya.iTunesSearchUITests;
				PRODUCT_NAME = "$(TARGET_NAME)";
				SWIFT_EMIT_LOC_STRINGS = NO;
				SWIFT_VERSION = 5.0;
				TARGETED_DEVICE_FAMILY = "1,2";
				TEST_TARGET_NAME = iTunesSearch;
			};
			name = Debug;
		};
		9A6A85F4284A6C930061D857 /* Release */ = {
			isa = XCBuildConfiguration;
			buildSettings = {
				ALWAYS_EMBED_SWIFT_STANDARD_LIBRARIES = YES;
				CODE_SIGN_STYLE = Automatic;
				CURRENT_PROJECT_VERSION = 1;
				DEVELOPMENT_TEAM = J2FDYLJ6E3;
				GENERATE_INFOPLIST_FILE = YES;
				MARKETING_VERSION = 1.0;
				PRODUCT_BUNDLE_IDENTIFIER = com.bekiryesilkaya.iTunesSearchUITests;
				PRODUCT_NAME = "$(TARGET_NAME)";
				SWIFT_EMIT_LOC_STRINGS = NO;
				SWIFT_VERSION = 5.0;
				TARGETED_DEVICE_FAMILY = "1,2";
				TEST_TARGET_NAME = iTunesSearch;
			};
			name = Release;
		};
/* End XCBuildConfiguration section */

/* Begin XCConfigurationList section */
		9A6A85BD284A6C900061D857 /* Build configuration list for PBXProject "iTunesSearch" */ = {
			isa = XCConfigurationList;
			buildConfigurations = (
				9A6A85EA284A6C930061D857 /* Debug */,
				9A6A85EB284A6C930061D857 /* Release */,
			);
			defaultConfigurationIsVisible = 0;
			defaultConfigurationName = Release;
		};
		9A6A85EC284A6C930061D857 /* Build configuration list for PBXNativeTarget "iTunesSearch" */ = {
			isa = XCConfigurationList;
			buildConfigurations = (
				9A6A85ED284A6C930061D857 /* Debug */,
				9A6A85EE284A6C930061D857 /* Release */,
			);
			defaultConfigurationIsVisible = 0;
			defaultConfigurationName = Release;
		};
		9A6A85EF284A6C930061D857 /* Build configuration list for PBXNativeTarget "iTunesSearchTests" */ = {
			isa = XCConfigurationList;
			buildConfigurations = (
				9A6A85F0284A6C930061D857 /* Debug */,
				9A6A85F1284A6C930061D857 /* Release */,
			);
			defaultConfigurationIsVisible = 0;
			defaultConfigurationName = Release;
		};
		9A6A85F2284A6C930061D857 /* Build configuration list for PBXNativeTarget "iTunesSearchUITests" */ = {
			isa = XCConfigurationList;
			buildConfigurations = (
				9A6A85F3284A6C930061D857 /* Debug */,
				9A6A85F4284A6C930061D857 /* Release */,
			);
			defaultConfigurationIsVisible = 0;
			defaultConfigurationName = Release;
		};
/* End XCConfigurationList section */

/* Begin XCRemoteSwiftPackageReference section */
		9A6A85FD284A726C0061D857 /* XCRemoteSwiftPackageReference "Alamofire" */ = {
			isa = XCRemoteSwiftPackageReference;
			repositoryURL = "https://github.com/Alamofire/Alamofire";
			requirement = {
				kind = upToNextMajorVersion;
				minimumVersion = 5.0.0;
			};
		};
		9A6A8652284B69190061D857 /* XCRemoteSwiftPackageReference "Kingfisher" */ = {
			isa = XCRemoteSwiftPackageReference;
			repositoryURL = "https://github.com/onevcat/Kingfisher";
			requirement = {
				kind = upToNextMajorVersion;
				minimumVersion = 7.0.0;
			};
		};
/* End XCRemoteSwiftPackageReference section */

/* Begin XCSwiftPackageProductDependency section */
		9A6A85FE284A726C0061D857 /* Alamofire */ = {
			isa = XCSwiftPackageProductDependency;
			package = 9A6A85FD284A726C0061D857 /* XCRemoteSwiftPackageReference "Alamofire" */;
			productName = Alamofire;
		};
		9A6A8653284B69190061D857 /* Kingfisher */ = {
			isa = XCSwiftPackageProductDependency;
			package = 9A6A8652284B69190061D857 /* XCRemoteSwiftPackageReference "Kingfisher" */;
			productName = Kingfisher;
		};
/* End XCSwiftPackageProductDependency section */
	};
	rootObject = 9A6A85BA284A6C900061D857 /* Project object */;
}
